
Microsoft Visual Studio Solution File, Format Version 12.00
# Visual Studio 15
VisualStudioVersion = 15.0.28307.1259
MinimumVisualStudioVersion = 10.0.40219.1
Project("{FAE04EC0-301F-11D3-BF4B-00C04F79EFBC}") = "prjToolist", "prjToolist\prjToolist.csproj", "{C418AAE9-AF28-4384-B884-1674E0D157D6}"
EndProject
Global
	GlobalSection(SolutionConfigurationPlatforms) = preSolution
		Debug|Any CPU = Debug|Any CPU
		Release|Any CPU = Release|Any CPU
	EndGlobalSection
	GlobalSection(ProjectConfigurationPlatforms) = postSolution
		{C418AAE9-AF28-4384-B884-1674E0D157D6}.Debug|Any CPU.ActiveCfg = Debug|Any CPU
		{C418AAE9-AF28-4384-B884-1674E0D157D6}.Debug|Any CPU.Build.0 = Debug|Any CPU
		{C418AAE9-AF28-4384-B884-1674E0D157D6}.Release|Any CPU.ActiveCfg = Release|Any CPU
		{C418AAE9-AF28-4384-B884-1674E0D157D6}.Release|Any CPU.Build.0 = Release|Any CPU
	EndGlobalSection
	GlobalSection(SolutionProperties) = preSolution
		HideSolutionNode = FALSE
	EndGlobalSection
	GlobalSection(ExtensibilityGlobals) = postSolution
		SolutionGuid = {F14EE28D-DFCB-449D-90C0-22D5F5B1C026}
	EndGlobalSection
EndGlobal
